
Microsoft Visual Studio Solution File, Format Version 12.00
# Visual Studio 2013
VisualStudioVersion = 12.0.21005.1
MinimumVisualStudioVersion = 10.0.40219.1
Project("{FAE04EC0-301F-11D3-BF4B-00C04F79EFBC}") = "Audite", "KeywordsListener\Audite.csproj", "{FC7374D2-624F-479C-9C1C-718B3C835800}"
EndProject
Project("{6141683F-8A12-4E36-9623-2EB02B2C2303}") = "Setup", "Setup\Setup.isproj", "{8BBD07E0-82EF-42A7-956D-9AD3F41B4C19}"
	ProjectSection(ProjectDependencies) = postProject
		{FC7374D2-624F-479C-9C1C-718B3C835800} = {FC7374D2-624F-479C-9C1C-718B3C835800}
	EndProjectSection
EndProject
Global
	GlobalSection(SolutionConfigurationPlatforms) = preSolution
		CD_ROM|Any CPU = CD_ROM|Any CPU
		Debug|Any CPU = Debug|Any CPU
		DVD-5|Any CPU = DVD-5|Any CPU
		Release|Any CPU = Release|Any CPU
		SingleImage|Any CPU = SingleImage|Any CPU
	EndGlobalSection
	GlobalSection(ProjectConfigurationPlatforms) = postSolution
		{FC7374D2-624F-479C-9C1C-718B3C835800}.CD_ROM|Any CPU.ActiveCfg = Release|Any CPU
		{FC7374D2-624F-479C-9C1C-718B3C835800}.CD_ROM|Any CPU.Build.0 = Release|Any CPU
		{FC7374D2-624F-479C-9C1C-718B3C835800}.Debug|Any CPU.ActiveCfg = Debug|Any CPU
		{FC7374D2-624F-479C-9C1C-718B3C835800}.Debug|Any CPU.Build.0 = Debug|Any CPU
		{FC7374D2-624F-479C-9C1C-718B3C835800}.DVD-5|Any CPU.ActiveCfg = Debug|Any CPU
		{FC7374D2-624F-479C-9C1C-718B3C835800}.DVD-5|Any CPU.Build.0 = Debug|Any CPU
		{FC7374D2-624F-479C-9C1C-718B3C835800}.Release|Any CPU.ActiveCfg = Release|Any CPU
		{FC7374D2-624F-479C-9C1C-718B3C835800}.Release|Any CPU.Build.0 = Release|Any CPU
		{FC7374D2-624F-479C-9C1C-718B3C835800}.SingleImage|Any CPU.ActiveCfg = Release|Any CPU
		{FC7374D2-624F-479C-9C1C-718B3C835800}.SingleImage|Any CPU.Build.0 = Release|Any CPU
		{8BBD07E0-82EF-42A7-956D-9AD3F41B4C19}.CD_ROM|Any CPU.ActiveCfg = CD_ROM
		{8BBD07E0-82EF-42A7-956D-9AD3F41B4C19}.CD_ROM|Any CPU.Build.0 = CD_ROM
		{8BBD07E0-82EF-42A7-956D-9AD3F41B4C19}.Debug|Any CPU.ActiveCfg = SingleImage
		{8BBD07E0-82EF-42A7-956D-9AD3F41B4C19}.Debug|Any CPU.Build.0 = SingleImage
		{8BBD07E0-82EF-42A7-956D-9AD3F41B4C19}.DVD-5|Any CPU.ActiveCfg = DVD-5
		{8BBD07E0-82EF-42A7-956D-9AD3F41B4C19}.DVD-5|Any CPU.Build.0 = DVD-5
		{8BBD07E0-82EF-42A7-956D-9AD3F41B4C19}.Release|Any CPU.ActiveCfg = SingleImage
		{8BBD07E0-82EF-42A7-956D-9AD3F41B4C19}.Release|Any CPU.Build.0 = SingleImage
		{8BBD07E0-82EF-42A7-956D-9AD3F41B4C19}.SingleImage|Any CPU.ActiveCfg = SingleImage
		{8BBD07E0-82EF-42A7-956D-9AD3F41B4C19}.SingleImage|Any CPU.Build.0 = SingleImage
	EndGlobalSection
	GlobalSection(SolutionProperties) = preSolution
		HideSolutionNode = FALSE
	EndGlobalSection
EndGlobal
